// !$*UTF8*$!
{
	archiveVersion = 1;
	classes = {
	};
	objectVersion = 50;
	objects = {

/* Begin PBXBuildFile section */
		16ACF1D82624059D0027312D /* SecurityAnnouncementDetailsViewController.swift in Sources */ = {isa = PBXBuildFile; fileRef = 16ACF1D72624059D0027312D /* SecurityAnnouncementDetailsViewController.swift */; };
		29117C462614827C00D5D499 /* AppDelegate.swift in Sources */ = {isa = PBXBuildFile; fileRef = 29117C452614827C00D5D499 /* AppDelegate.swift */; };
		29117C482614827C00D5D499 /* SceneDelegate.swift in Sources */ = {isa = PBXBuildFile; fileRef = 29117C472614827C00D5D499 /* SceneDelegate.swift */; };
		29117C4F2614827D00D5D499 /* Assets.xcassets in Resources */ = {isa = PBXBuildFile; fileRef = 29117C4E2614827D00D5D499 /* Assets.xcassets */; };
		29117C522614827D00D5D499 /* LaunchScreen.storyboard in Resources */ = {isa = PBXBuildFile; fileRef = 29117C502614827D00D5D499 /* LaunchScreen.storyboard */; };
		7E3A0BEC2616E78500977F78 /* Security-Residents.storyboard in Resources */ = {isa = PBXBuildFile; fileRef = 7E3A0BEB2616E78500977F78 /* Security-Residents.storyboard */; };
		7E3A0BF12616E89F00977F78 /* Security-CCTV.storyboard in Resources */ = {isa = PBXBuildFile; fileRef = 7E3A0BF02616E89F00977F78 /* Security-CCTV.storyboard */; };
		7E3A0BF42616E8AC00977F78 /* Security-Announcements.storyboard in Resources */ = {isa = PBXBuildFile; fileRef = 7E3A0BF32616E8AC00977F78 /* Security-Announcements.storyboard */; };
		7E3A0BF82616EA8E00977F78 /* Security.storyboard in Resources */ = {isa = PBXBuildFile; fileRef = 7E3A0BF72616EA8E00977F78 /* Security.storyboard */; };
		7E3A0BFC2616ED9D00977F78 /* Authentication.storyboard in Resources */ = {isa = PBXBuildFile; fileRef = 7E3A0BFB2616ED9D00977F78 /* Authentication.storyboard */; };
		7E3A0C002616F12900977F78 /* User.storyboard in Resources */ = {isa = PBXBuildFile; fileRef = 7E3A0BFF2616F12900977F78 /* User.storyboard */; };
		7E3A0C032616F13500977F78 /* User-Contacts.storyboard in Resources */ = {isa = PBXBuildFile; fileRef = 7E3A0C022616F13500977F78 /* User-Contacts.storyboard */; };
		7E3A0C062616F13F00977F78 /* User-Announcements.storyboard in Resources */ = {isa = PBXBuildFile; fileRef = 7E3A0C052616F13F00977F78 /* User-Announcements.storyboard */; };
		7E3A0C092616F14600977F78 /* User-Settings.storyboard in Resources */ = {isa = PBXBuildFile; fileRef = 7E3A0C082616F14600977F78 /* User-Settings.storyboard */; };
		7E3A0C0D261703F400977F78 /* AuthCustomTextField.swift in Sources */ = {isa = PBXBuildFile; fileRef = 7E3A0C0C261703F400977F78 /* AuthCustomTextField.swift */; };
		7E3A0C102617112F00977F78 /* AuthViewController.swift in Sources */ = {isa = PBXBuildFile; fileRef = 7E3A0C0F2617112F00977F78 /* AuthViewController.swift */; };
		7E3A0C132617117B00977F78 /* AuthNavigationController.swift in Sources */ = {isa = PBXBuildFile; fileRef = 7E3A0C122617117B00977F78 /* AuthNavigationController.swift */; };
		7E3A0C172617166800977F78 /* AuthCustomButton.swift in Sources */ = {isa = PBXBuildFile; fileRef = 7E3A0C162617166800977F78 /* AuthCustomButton.swift */; };
		7E3A0C31261741AB00977F78 /* SecurityResidentsTableViewController.swift in Sources */ = {isa = PBXBuildFile; fileRef = 7E3A0C30261741AB00977F78 /* SecurityResidentsTableViewController.swift */; };
		7E3A0C4026175C7400977F78 /* SmartSearchMatcher.swift in Sources */ = {isa = PBXBuildFile; fileRef = 7E3A0C3926174AD100977F78 /* SmartSearchMatcher.swift */; };
		7E3A0C432618397A00977F78 /* SecurityCctvTableViewCell.swift in Sources */ = {isa = PBXBuildFile; fileRef = 7E3A0C422618397A00977F78 /* SecurityCctvTableViewCell.swift */; };
		7E3A0C462618398F00977F78 /* SecurityCctvTableViewController.swift in Sources */ = {isa = PBXBuildFile; fileRef = 7E3A0C452618398F00977F78 /* SecurityCctvTableViewController.swift */; };
		7E3A0C492618406000977F78 /* SecurityCctvCustomImageView.swift in Sources */ = {isa = PBXBuildFile; fileRef = 7E3A0C482618406000977F78 /* SecurityCctvCustomImageView.swift */; };
		7E3A0C4D2618475C00977F78 /* SecurityAnnouncementsTableViewController.swift in Sources */ = {isa = PBXBuildFile; fileRef = 7E3A0C4C2618475C00977F78 /* SecurityAnnouncementsTableViewController.swift */; };
		7E3A0C502618477600977F78 /* SecurityAnnouncementsTableViewCell.swift in Sources */ = {isa = PBXBuildFile; fileRef = 7E3A0C4F2618477600977F78 /* SecurityAnnouncementsTableViewCell.swift */; };
		7E3A0C552618568F00977F78 /* UserViewController.swift in Sources */ = {isa = PBXBuildFile; fileRef = 7E3A0C542618568F00977F78 /* UserViewController.swift */; };
		7E3A0C6A2618648B00977F78 /* UserAnnouncementsCardView.xib in Resources */ = {isa = PBXBuildFile; fileRef = 7E3A0C692618648B00977F78 /* UserAnnouncementsCardView.xib */; };
		7E3A0C6D261864E000977F78 /* UserAnnouncementsCardViewController.swift in Sources */ = {isa = PBXBuildFile; fileRef = 7E3A0C6C261864E000977F78 /* UserAnnouncementsCardViewController.swift */; };
		7E3A0C702618936D00977F78 /* UserContactsTableViewController.swift in Sources */ = {isa = PBXBuildFile; fileRef = 7E3A0C6F2618936D00977F78 /* UserContactsTableViewController.swift */; };
		7E3A0CF9261C0E6D00977F78 /* ContactViewController.swift in Sources */ = {isa = PBXBuildFile; fileRef = 7E3A0CF8261C0E6D00977F78 /* ContactViewController.swift */; };
/* End PBXBuildFile section */

/* Begin PBXFileReference section */
		16ACF1D72624059D0027312D /* SecurityAnnouncementDetailsViewController.swift */ = {isa = PBXFileReference; lastKnownFileType = sourcecode.swift; path = SecurityAnnouncementDetailsViewController.swift; sourceTree = "<group>"; };
		29117C422614827C00D5D499 /* sigap.app */ = {isa = PBXFileReference; explicitFileType = wrapper.application; includeInIndex = 0; path = sigap.app; sourceTree = BUILT_PRODUCTS_DIR; };
		29117C452614827C00D5D499 /* AppDelegate.swift */ = {isa = PBXFileReference; lastKnownFileType = sourcecode.swift; path = AppDelegate.swift; sourceTree = "<group>"; };
		29117C472614827C00D5D499 /* SceneDelegate.swift */ = {isa = PBXFileReference; lastKnownFileType = sourcecode.swift; path = SceneDelegate.swift; sourceTree = "<group>"; };
		29117C4E2614827D00D5D499 /* Assets.xcassets */ = {isa = PBXFileReference; lastKnownFileType = folder.assetcatalog; path = Assets.xcassets; sourceTree = "<group>"; };
		29117C512614827D00D5D499 /* Base */ = {isa = PBXFileReference; lastKnownFileType = file.storyboard; name = Base; path = Base.lproj/LaunchScreen.storyboard; sourceTree = "<group>"; };
		29117C532614827D00D5D499 /* Info.plist */ = {isa = PBXFileReference; lastKnownFileType = text.plist.xml; path = Info.plist; sourceTree = "<group>"; };
		7E3A0BEB2616E78500977F78 /* Security-Residents.storyboard */ = {isa = PBXFileReference; lastKnownFileType = file.storyboard; path = "Security-Residents.storyboard"; sourceTree = "<group>"; };
		7E3A0BF02616E89F00977F78 /* Security-CCTV.storyboard */ = {isa = PBXFileReference; lastKnownFileType = file.storyboard; path = "Security-CCTV.storyboard"; sourceTree = "<group>"; };
		7E3A0BF32616E8AC00977F78 /* Security-Announcements.storyboard */ = {isa = PBXFileReference; lastKnownFileType = file.storyboard; path = "Security-Announcements.storyboard"; sourceTree = "<group>"; };
		7E3A0BF72616EA8E00977F78 /* Security.storyboard */ = {isa = PBXFileReference; lastKnownFileType = file.storyboard; path = Security.storyboard; sourceTree = "<group>"; };
		7E3A0BFB2616ED9D00977F78 /* Authentication.storyboard */ = {isa = PBXFileReference; lastKnownFileType = file.storyboard; path = Authentication.storyboard; sourceTree = "<group>"; };
		7E3A0BFF2616F12900977F78 /* User.storyboard */ = {isa = PBXFileReference; lastKnownFileType = file.storyboard; path = User.storyboard; sourceTree = "<group>"; };
		7E3A0C022616F13500977F78 /* User-Contacts.storyboard */ = {isa = PBXFileReference; lastKnownFileType = file.storyboard; path = "User-Contacts.storyboard"; sourceTree = "<group>"; };
		7E3A0C052616F13F00977F78 /* User-Announcements.storyboard */ = {isa = PBXFileReference; lastKnownFileType = file.storyboard; path = "User-Announcements.storyboard"; sourceTree = "<group>"; };
		7E3A0C082616F14600977F78 /* User-Settings.storyboard */ = {isa = PBXFileReference; lastKnownFileType = file.storyboard; path = "User-Settings.storyboard"; sourceTree = "<group>"; };
		7E3A0C0C261703F400977F78 /* AuthCustomTextField.swift */ = {isa = PBXFileReference; lastKnownFileType = sourcecode.swift; path = AuthCustomTextField.swift; sourceTree = "<group>"; };
		7E3A0C0F2617112F00977F78 /* AuthViewController.swift */ = {isa = PBXFileReference; lastKnownFileType = sourcecode.swift; path = AuthViewController.swift; sourceTree = "<group>"; };
		7E3A0C122617117B00977F78 /* AuthNavigationController.swift */ = {isa = PBXFileReference; lastKnownFileType = sourcecode.swift; path = AuthNavigationController.swift; sourceTree = "<group>"; };
		7E3A0C162617166800977F78 /* AuthCustomButton.swift */ = {isa = PBXFileReference; lastKnownFileType = sourcecode.swift; path = AuthCustomButton.swift; sourceTree = "<group>"; };
		7E3A0C30261741AB00977F78 /* SecurityResidentsTableViewController.swift */ = {isa = PBXFileReference; lastKnownFileType = sourcecode.swift; path = SecurityResidentsTableViewController.swift; sourceTree = "<group>"; };
		7E3A0C3926174AD100977F78 /* SmartSearchMatcher.swift */ = {isa = PBXFileReference; lastKnownFileType = sourcecode.swift; path = SmartSearchMatcher.swift; sourceTree = "<group>"; };
		7E3A0C422618397A00977F78 /* SecurityCctvTableViewCell.swift */ = {isa = PBXFileReference; lastKnownFileType = sourcecode.swift; path = SecurityCctvTableViewCell.swift; sourceTree = "<group>"; };
		7E3A0C452618398F00977F78 /* SecurityCctvTableViewController.swift */ = {isa = PBXFileReference; lastKnownFileType = sourcecode.swift; path = SecurityCctvTableViewController.swift; sourceTree = "<group>"; };
		7E3A0C482618406000977F78 /* SecurityCctvCustomImageView.swift */ = {isa = PBXFileReference; lastKnownFileType = sourcecode.swift; path = SecurityCctvCustomImageView.swift; sourceTree = "<group>"; };
		7E3A0C4C2618475C00977F78 /* SecurityAnnouncementsTableViewController.swift */ = {isa = PBXFileReference; lastKnownFileType = sourcecode.swift; path = SecurityAnnouncementsTableViewController.swift; sourceTree = "<group>"; };
		7E3A0C4F2618477600977F78 /* SecurityAnnouncementsTableViewCell.swift */ = {isa = PBXFileReference; lastKnownFileType = sourcecode.swift; path = SecurityAnnouncementsTableViewCell.swift; sourceTree = "<group>"; };
		7E3A0C542618568F00977F78 /* UserViewController.swift */ = {isa = PBXFileReference; lastKnownFileType = sourcecode.swift; path = UserViewController.swift; sourceTree = "<group>"; };
		7E3A0C692618648B00977F78 /* UserAnnouncementsCardView.xib */ = {isa = PBXFileReference; lastKnownFileType = file.xib; path = UserAnnouncementsCardView.xib; sourceTree = "<group>"; };
		7E3A0C6C261864E000977F78 /* UserAnnouncementsCardViewController.swift */ = {isa = PBXFileReference; lastKnownFileType = sourcecode.swift; path = UserAnnouncementsCardViewController.swift; sourceTree = "<group>"; };
		7E3A0C6F2618936D00977F78 /* UserContactsTableViewController.swift */ = {isa = PBXFileReference; lastKnownFileType = sourcecode.swift; path = UserContactsTableViewController.swift; sourceTree = "<group>"; };
		7E3A0CF8261C0E6D00977F78 /* ContactViewController.swift */ = {isa = PBXFileReference; lastKnownFileType = sourcecode.swift; path = ContactViewController.swift; sourceTree = "<group>"; };
/* End PBXFileReference section */

/* Begin PBXFrameworksBuildPhase section */
		29117C3F2614827C00D5D499 /* Frameworks */ = {
			isa = PBXFrameworksBuildPhase;
			buildActionMask = 2147483647;
			files = (
			);
			runOnlyForDeploymentPostprocessing = 0;
		};
/* End PBXFrameworksBuildPhase section */

/* Begin PBXGroup section */
		29117C392614827C00D5D499 = {
			isa = PBXGroup;
			children = (
				29117C442614827C00D5D499 /* sigap */,
				29117C432614827C00D5D499 /* Products */,
			);
			sourceTree = "<group>";
		};
		29117C432614827C00D5D499 /* Products */ = {
			isa = PBXGroup;
			children = (
				29117C422614827C00D5D499 /* sigap.app */,
			);
			name = Products;
			sourceTree = "<group>";
		};
		29117C442614827C00D5D499 /* sigap */ = {
			isa = PBXGroup;
			children = (
				7E3A0C3C261758D500977F78 /* API */,
				7E3A0C1C26173F9400977F78 /* Security */,
				7E3A0C1A26172D1B00977F78 /* Authentication */,
				7E3A0C522618559800977F78 /* User */,
				7E3A0BEE2616E84D00977F78 /* Storyboards */,
				29117C452614827C00D5D499 /* AppDelegate.swift */,
				29117C472614827C00D5D499 /* SceneDelegate.swift */,
				29117C4E2614827D00D5D499 /* Assets.xcassets */,
				29117C502614827D00D5D499 /* LaunchScreen.storyboard */,
				29117C532614827D00D5D499 /* Info.plist */,
			);
			path = sigap;
			sourceTree = "<group>";
		};
		7E3A0BEE2616E84D00977F78 /* Storyboards */ = {
			isa = PBXGroup;
			children = (
				7E3A0BF72616EA8E00977F78 /* Security.storyboard */,
				7E3A0BEB2616E78500977F78 /* Security-Residents.storyboard */,
				7E3A0BF02616E89F00977F78 /* Security-CCTV.storyboard */,
				7E3A0BF32616E8AC00977F78 /* Security-Announcements.storyboard */,
				7E3A0BFB2616ED9D00977F78 /* Authentication.storyboard */,
				7E3A0BFF2616F12900977F78 /* User.storyboard */,
				7E3A0C022616F13500977F78 /* User-Contacts.storyboard */,
				7E3A0C052616F13F00977F78 /* User-Announcements.storyboard */,
				7E3A0C082616F14600977F78 /* User-Settings.storyboard */,
			);
			path = Storyboards;
			sourceTree = "<group>";
		};
		7E3A0C1A26172D1B00977F78 /* Authentication */ = {
			isa = PBXGroup;
			children = (
				7E3A0C122617117B00977F78 /* AuthNavigationController.swift */,
				7E3A0C162617166800977F78 /* AuthCustomButton.swift */,
				7E3A0C0F2617112F00977F78 /* AuthViewController.swift */,
				7E3A0C0C261703F400977F78 /* AuthCustomTextField.swift */,
			);
			path = Authentication;
			sourceTree = "<group>";
		};
		7E3A0C1C26173F9400977F78 /* Security */ = {
			isa = PBXGroup;
			children = (
				7E3A0C30261741AB00977F78 /* SecurityResidentsTableViewController.swift */,
				7E3A0C422618397A00977F78 /* SecurityCctvTableViewCell.swift */,
				7E3A0C452618398F00977F78 /* SecurityCctvTableViewController.swift */,
				7E3A0C482618406000977F78 /* SecurityCctvCustomImageView.swift */,
				7E3A0C4C2618475C00977F78 /* SecurityAnnouncementsTableViewController.swift */,
				7E3A0C4F2618477600977F78 /* SecurityAnnouncementsTableViewCell.swift */,
				16ACF1D72624059D0027312D /* SecurityAnnouncementDetailsViewController.swift */,
			);
			path = Security;
			sourceTree = "<group>";
		};
		7E3A0C3C261758D500977F78 /* API */ = {
			isa = PBXGroup;
			children = (
				7E3A0C3926174AD100977F78 /* SmartSearchMatcher.swift */,
				7E3A0CF8261C0E6D00977F78 /* ContactViewController.swift */,
			);
			path = API;
			sourceTree = "<group>";
		};
		7E3A0C522618559800977F78 /* User */ = {
			isa = PBXGroup;
			children = (
				7E3A0C542618568F00977F78 /* UserViewController.swift */,
				7E3A0C692618648B00977F78 /* UserAnnouncementsCardView.xib */,
				7E3A0C6C261864E000977F78 /* UserAnnouncementsCardViewController.swift */,
				7E3A0C6F2618936D00977F78 /* UserContactsTableViewController.swift */,
			);
			path = User;
			sourceTree = "<group>";
		};
/* End PBXGroup section */

/* Begin PBXNativeTarget section */
		29117C412614827C00D5D499 /* sigap */ = {
			isa = PBXNativeTarget;
			buildConfigurationList = 29117C562614827D00D5D499 /* Build configuration list for PBXNativeTarget "sigap" */;
			buildPhases = (
				29117C3E2614827C00D5D499 /* Sources */,
				29117C3F2614827C00D5D499 /* Frameworks */,
				29117C402614827C00D5D499 /* Resources */,
			);
			buildRules = (
			);
			dependencies = (
			);
			name = sigap;
			productName = sigap;
			productReference = 29117C422614827C00D5D499 /* sigap.app */;
			productType = "com.apple.product-type.application";
		};
/* End PBXNativeTarget section */

/* Begin PBXProject section */
		29117C3A2614827C00D5D499 /* Project object */ = {
			isa = PBXProject;
			attributes = {
				LastSwiftUpdateCheck = 1240;
				LastUpgradeCheck = 1240;
				TargetAttributes = {
					29117C412614827C00D5D499 = {
						CreatedOnToolsVersion = 12.4;
					};
				};
			};
			buildConfigurationList = 29117C3D2614827C00D5D499 /* Build configuration list for PBXProject "sigap" */;
			compatibilityVersion = "Xcode 9.3";
			developmentRegion = en;
			hasScannedForEncodings = 0;
			knownRegions = (
				en,
				Base,
			);
			mainGroup = 29117C392614827C00D5D499;
			productRefGroup = 29117C432614827C00D5D499 /* Products */;
			projectDirPath = "";
			projectRoot = "";
			targets = (
				29117C412614827C00D5D499 /* sigap */,
			);
		};
/* End PBXProject section */

/* Begin PBXResourcesBuildPhase section */
		29117C402614827C00D5D499 /* Resources */ = {
			isa = PBXResourcesBuildPhase;
			buildActionMask = 2147483647;
			files = (
				29117C522614827D00D5D499 /* LaunchScreen.storyboard in Resources */,
				7E3A0BFC2616ED9D00977F78 /* Authentication.storyboard in Resources */,
				7E3A0BF42616E8AC00977F78 /* Security-Announcements.storyboard in Resources */,
				29117C4F2614827D00D5D499 /* Assets.xcassets in Resources */,
				7E3A0BF82616EA8E00977F78 /* Security.storyboard in Resources */,
				7E3A0C032616F13500977F78 /* User-Contacts.storyboard in Resources */,
				7E3A0C062616F13F00977F78 /* User-Announcements.storyboard in Resources */,
				7E3A0C002616F12900977F78 /* User.storyboard in Resources */,
				7E3A0C6A2618648B00977F78 /* UserAnnouncementsCardView.xib in Resources */,
				7E3A0C092616F14600977F78 /* User-Settings.storyboard in Resources */,
				7E3A0BEC2616E78500977F78 /* Security-Residents.storyboard in Resources */,
				7E3A0BF12616E89F00977F78 /* Security-CCTV.storyboard in Resources */,
			);
			runOnlyForDeploymentPostprocessing = 0;
		};
/* End PBXResourcesBuildPhase section */

/* Begin PBXSourcesBuildPhase section */
		29117C3E2614827C00D5D499 /* Sources */ = {
			isa = PBXSourcesBuildPhase;
			buildActionMask = 2147483647;
			files = (
				7E3A0C172617166800977F78 /* AuthCustomButton.swift in Sources */,
				7E3A0C6D261864E000977F78 /* UserAnnouncementsCardViewController.swift in Sources */,
				29117C462614827C00D5D499 /* AppDelegate.swift in Sources */,
				7E3A0CF9261C0E6D00977F78 /* ContactViewController.swift in Sources */,
				7E3A0C4D2618475C00977F78 /* SecurityAnnouncementsTableViewController.swift in Sources */,
				7E3A0C102617112F00977F78 /* AuthViewController.swift in Sources */,
				16ACF1D82624059D0027312D /* SecurityAnnouncementDetailsViewController.swift in Sources */,
				7E3A0C702618936D00977F78 /* UserContactsTableViewController.swift in Sources */,
				7E3A0C432618397A00977F78 /* SecurityCctvTableViewCell.swift in Sources */,
				7E3A0C31261741AB00977F78 /* SecurityResidentsTableViewController.swift in Sources */,
				7E3A0C502618477600977F78 /* SecurityAnnouncementsTableViewCell.swift in Sources */,
				7E3A0C552618568F00977F78 /* UserViewController.swift in Sources */,
				7E3A0C492618406000977F78 /* SecurityCctvCustomImageView.swift in Sources */,
				7E3A0C4026175C7400977F78 /* SmartSearchMatcher.swift in Sources */,
				7E3A0C132617117B00977F78 /* AuthNavigationController.swift in Sources */,
				7E3A0C0D261703F400977F78 /* AuthCustomTextField.swift in Sources */,
				29117C482614827C00D5D499 /* SceneDelegate.swift in Sources */,
				7E3A0C462618398F00977F78 /* SecurityCctvTableViewController.swift in Sources */,
			);
			runOnlyForDeploymentPostprocessing = 0;
		};
/* End PBXSourcesBuildPhase section */

/* Begin PBXVariantGroup section */
		29117C502614827D00D5D499 /* LaunchScreen.storyboard */ = {
			isa = PBXVariantGroup;
			children = (
				29117C512614827D00D5D499 /* Base */,
			);
			name = LaunchScreen.storyboard;
			sourceTree = "<group>";
		};
/* End PBXVariantGroup section */

/* Begin XCBuildConfiguration section */
		29117C542614827D00D5D499 /* Debug */ = {
			isa = XCBuildConfiguration;
			buildSettings = {
				ALWAYS_SEARCH_USER_PATHS = NO;
				CLANG_ANALYZER_NONNULL = YES;
				CLANG_ANALYZER_NUMBER_OBJECT_CONVERSION = YES_AGGRESSIVE;
				CLANG_CXX_LANGUAGE_STANDARD = "gnu++14";
				CLANG_CXX_LIBRARY = "libc++";
				CLANG_ENABLE_MODULES = YES;
				CLANG_ENABLE_OBJC_ARC = YES;
				CLANG_ENABLE_OBJC_WEAK = YES;
				CLANG_WARN_BLOCK_CAPTURE_AUTORELEASING = YES;
				CLANG_WARN_BOOL_CONVERSION = YES;
				CLANG_WARN_COMMA = YES;
				CLANG_WARN_CONSTANT_CONVERSION = YES;
				CLANG_WARN_DEPRECATED_OBJC_IMPLEMENTATIONS = YES;
				CLANG_WARN_DIRECT_OBJC_ISA_USAGE = YES_ERROR;
				CLANG_WARN_DOCUMENTATION_COMMENTS = YES;
				CLANG_WARN_EMPTY_BODY = YES;
				CLANG_WARN_ENUM_CONVERSION = YES;
				CLANG_WARN_INFINITE_RECURSION = YES;
				CLANG_WARN_INT_CONVERSION = YES;
				CLANG_WARN_NON_LITERAL_NULL_CONVERSION = YES;
				CLANG_WARN_OBJC_IMPLICIT_RETAIN_SELF = YES;
				CLANG_WARN_OBJC_LITERAL_CONVERSION = YES;
				CLANG_WARN_OBJC_ROOT_CLASS = YES_ERROR;
				CLANG_WARN_QUOTED_INCLUDE_IN_FRAMEWORK_HEADER = YES;
				CLANG_WARN_RANGE_LOOP_ANALYSIS = YES;
				CLANG_WARN_STRICT_PROTOTYPES = YES;
				CLANG_WARN_SUSPICIOUS_MOVE = YES;
				CLANG_WARN_UNGUARDED_AVAILABILITY = YES_AGGRESSIVE;
				CLANG_WARN_UNREACHABLE_CODE = YES;
				CLANG_WARN__DUPLICATE_METHOD_MATCH = YES;
				COPY_PHASE_STRIP = NO;
				DEBUG_INFORMATION_FORMAT = dwarf;
				ENABLE_STRICT_OBJC_MSGSEND = YES;
				ENABLE_TESTABILITY = YES;
				GCC_C_LANGUAGE_STANDARD = gnu11;
				GCC_DYNAMIC_NO_PIC = NO;
				GCC_NO_COMMON_BLOCKS = YES;
				GCC_OPTIMIZATION_LEVEL = 0;
				GCC_PREPROCESSOR_DEFINITIONS = (
					"DEBUG=1",
					"$(inherited)",
				);
				GCC_WARN_64_TO_32_BIT_CONVERSION = YES;
				GCC_WARN_ABOUT_RETURN_TYPE = YES_ERROR;
				GCC_WARN_UNDECLARED_SELECTOR = YES;
				GCC_WARN_UNINITIALIZED_AUTOS = YES_AGGRESSIVE;
				GCC_WARN_UNUSED_FUNCTION = YES;
				GCC_WARN_UNUSED_VARIABLE = YES;
				IPHONEOS_DEPLOYMENT_TARGET = 14.4;
				MTL_ENABLE_DEBUG_INFO = INCLUDE_SOURCE;
				MTL_FAST_MATH = YES;
				ONLY_ACTIVE_ARCH = YES;
				SDKROOT = iphoneos;
				SWIFT_ACTIVE_COMPILATION_CONDITIONS = DEBUG;
				SWIFT_OPTIMIZATION_LEVEL = "-Onone";
			};
			name = Debug;
		};
		29117C552614827D00D5D499 /* Release */ = {
			isa = XCBuildConfiguration;
			buildSettings = {
				ALWAYS_SEARCH_USER_PATHS = NO;
				CLANG_ANALYZER_NONNULL = YES;
				CLANG_ANALYZER_NUMBER_OBJECT_CONVERSION = YES_AGGRESSIVE;
				CLANG_CXX_LANGUAGE_STANDARD = "gnu++14";
				CLANG_CXX_LIBRARY = "libc++";
				CLANG_ENABLE_MODULES = YES;
				CLANG_ENABLE_OBJC_ARC = YES;
				CLANG_ENABLE_OBJC_WEAK = YES;
				CLANG_WARN_BLOCK_CAPTURE_AUTORELEASING = YES;
				CLANG_WARN_BOOL_CONVERSION = YES;
				CLANG_WARN_COMMA = YES;
				CLANG_WARN_CONSTANT_CONVERSION = YES;
				CLANG_WARN_DEPRECATED_OBJC_IMPLEMENTATIONS = YES;
				CLANG_WARN_DIRECT_OBJC_ISA_USAGE = YES_ERROR;
				CLANG_WARN_DOCUMENTATION_COMMENTS = YES;
				CLANG_WARN_EMPTY_BODY = YES;
				CLANG_WARN_ENUM_CONVERSION = YES;
				CLANG_WARN_INFINITE_RECURSION = YES;
				CLANG_WARN_INT_CONVERSION = YES;
				CLANG_WARN_NON_LITERAL_NULL_CONVERSION = YES;
				CLANG_WARN_OBJC_IMPLICIT_RETAIN_SELF = YES;
				CLANG_WARN_OBJC_LITERAL_CONVERSION = YES;
				CLANG_WARN_OBJC_ROOT_CLASS = YES_ERROR;
				CLANG_WARN_QUOTED_INCLUDE_IN_FRAMEWORK_HEADER = YES;
				CLANG_WARN_RANGE_LOOP_ANALYSIS = YES;
				CLANG_WARN_STRICT_PROTOTYPES = YES;
				CLANG_WARN_SUSPICIOUS_MOVE = YES;
				CLANG_WARN_UNGUARDED_AVAILABILITY = YES_AGGRESSIVE;
				CLANG_WARN_UNREACHABLE_CODE = YES;
				CLANG_WARN__DUPLICATE_METHOD_MATCH = YES;
				COPY_PHASE_STRIP = NO;
				DEBUG_INFORMATION_FORMAT = "dwarf-with-dsym";
				ENABLE_NS_ASSERTIONS = NO;
				ENABLE_STRICT_OBJC_MSGSEND = YES;
				GCC_C_LANGUAGE_STANDARD = gnu11;
				GCC_NO_COMMON_BLOCKS = YES;
				GCC_WARN_64_TO_32_BIT_CONVERSION = YES;
				GCC_WARN_ABOUT_RETURN_TYPE = YES_ERROR;
				GCC_WARN_UNDECLARED_SELECTOR = YES;
				GCC_WARN_UNINITIALIZED_AUTOS = YES_AGGRESSIVE;
				GCC_WARN_UNUSED_FUNCTION = YES;
				GCC_WARN_UNUSED_VARIABLE = YES;
				IPHONEOS_DEPLOYMENT_TARGET = 14.4;
				MTL_ENABLE_DEBUG_INFO = NO;
				MTL_FAST_MATH = YES;
				SDKROOT = iphoneos;
				SWIFT_COMPILATION_MODE = wholemodule;
				SWIFT_OPTIMIZATION_LEVEL = "-O";
				VALIDATE_PRODUCT = YES;
			};
			name = Release;
		};
		29117C572614827D00D5D499 /* Debug */ = {
			isa = XCBuildConfiguration;
			buildSettings = {
				ASSETCATALOG_COMPILER_APPICON_NAME = AppIcon;
				ASSETCATALOG_COMPILER_GLOBAL_ACCENT_COLOR_NAME = AccentColor;
				CODE_SIGN_IDENTITY = "Apple Development";
				CODE_SIGN_STYLE = Automatic;
				DEVELOPMENT_TEAM = "";
				INFOPLIST_FILE = sigap/Info.plist;
				LD_RUNPATH_SEARCH_PATHS = (
					"$(inherited)",
					"@executable_path/Frameworks",
				);
				PRODUCT_BUNDLE_IDENTIFIER = com.fandika.sigap;
				PRODUCT_NAME = "$(TARGET_NAME)";
				PROVISIONING_PROFILE_SPECIFIER = "";
				SWIFT_VERSION = 5.0;
				TARGETED_DEVICE_FAMILY = 1;
			};
			name = Debug;
		};
		29117C582614827D00D5D499 /* Release */ = {
			isa = XCBuildConfiguration;
			buildSettings = {
				ASSETCATALOG_COMPILER_APPICON_NAME = AppIcon;
				ASSETCATALOG_COMPILER_GLOBAL_ACCENT_COLOR_NAME = AccentColor;
				CODE_SIGN_IDENTITY = "Apple Development";
				CODE_SIGN_STYLE = Automatic;
				DEVELOPMENT_TEAM = "";
				INFOPLIST_FILE = sigap/Info.plist;
				LD_RUNPATH_SEARCH_PATHS = (
					"$(inherited)",
					"@executable_path/Frameworks",
				);
				PRODUCT_BUNDLE_IDENTIFIER = com.fandika.sigap;
				PRODUCT_NAME = "$(TARGET_NAME)";
				PROVISIONING_PROFILE_SPECIFIER = "";
				SWIFT_VERSION = 5.0;
				TARGETED_DEVICE_FAMILY = 1;
			};
			name = Release;
		};
/* End XCBuildConfiguration section */

/* Begin XCConfigurationList section */
		29117C3D2614827C00D5D499 /* Build configuration list for PBXProject "sigap" */ = {
			isa = XCConfigurationList;
			buildConfigurations = (
				29117C542614827D00D5D499 /* Debug */,
				29117C552614827D00D5D499 /* Release */,
			);
			defaultConfigurationIsVisible = 0;
			defaultConfigurationName = Release;
		};
		29117C562614827D00D5D499 /* Build configuration list for PBXNativeTarget "sigap" */ = {
			isa = XCConfigurationList;
			buildConfigurations = (
				29117C572614827D00D5D499 /* Debug */,
				29117C582614827D00D5D499 /* Release */,
			);
			defaultConfigurationIsVisible = 0;
			defaultConfigurationName = Release;
		};
/* End XCConfigurationList section */
	};
	rootObject = 29117C3A2614827C00D5D499 /* Project object */;
}
